
Microsoft Visual Studio Solution File, Format Version 12.00
# Visual Studio Version 16
VisualStudioVersion = 16.0.30804.86
MinimumVisualStudioVersion = 10.0.40219.1
Project("{9A19103F-16F7-4668-BE54-9A1E7A4F7556}") = "XamarinPlugin", "XamarinPlugin\XamarinPlugin.csproj", "{53091A94-32B8-418A-8236-193894FC6B12}"
EndProject
Project("{FAE04EC0-301F-11D3-BF4B-00C04F79EFBC}") = "XamarinPlugin.Sample.UWP", "XamarinPlugin.Sample\XamarinPlugin.Sample.UWP\XamarinPlugin.Sample.UWP.csproj", "{826EBD6F-6C1F-4F27-B173-B420C3387AE0}"
EndProject
Project("{FAE04EC0-301F-11D3-BF4B-00C04F79EFBC}") = "XamarinPlugin.Sample.Android", "XamarinPlugin.Sample\XamarinPlugin.Sample.Android\XamarinPlugin.Sample.Android.csproj", "{AE4D5B98-C74A-450A-A981-EC6AC2D87995}"
EndProject
Project("{FAE04EC0-301F-11D3-BF4B-00C04F79EFBC}") = "XamarinPlugin.Sample.iOS", "XamarinPlugin.Sample\XamarinPlugin.Sample.iOS\XamarinPlugin.Sample.iOS.csproj", "{38D18373-7BC7-427B-844B-8A97C9467B2A}"
EndProject
Project("{9A19103F-16F7-4668-BE54-9A1E7A4F7556}") = "XamarinPlugin.Sample", "XamarinPlugin.Sample\XamarinPlugin.Sample\XamarinPlugin.Sample.csproj", "{446BE4AF-9811-4F1C-BC89-C12B80FB73A9}"
EndProject
Global
	GlobalSection(SolutionConfigurationPlatforms) = preSolution
		Debug|Any CPU = Debug|Any CPU
		Debug|ARM = Debug|ARM
		Debug|iPhone = Debug|iPhone
		Debug|iPhoneSimulator = Debug|iPhoneSimulator
		Debug|x64 = Debug|x64
		Debug|x86 = Debug|x86
		Release|Any CPU = Release|Any CPU
		Release|ARM = Release|ARM
		Release|iPhone = Release|iPhone
		Release|iPhoneSimulator = Release|iPhoneSimulator
		Release|x64 = Release|x64
		Release|x86 = Release|x86
	EndGlobalSection
	GlobalSection(ProjectConfigurationPlatforms) = postSolution
		{53091A94-32B8-418A-8236-193894FC6B12}.Debug|Any CPU.ActiveCfg = Debug|Any CPU
		{53091A94-32B8-418A-8236-193894FC6B12}.Debug|Any CPU.Build.0 = Debug|Any CPU
		{53091A94-32B8-418A-8236-193894FC6B12}.Debug|ARM.ActiveCfg = Debug|Any CPU
		{53091A94-32B8-418A-8236-193894FC6B12}.Debug|ARM.Build.0 = Debug|Any CPU
		{53091A94-32B8-418A-8236-193894FC6B12}.Debug|iPhone.ActiveCfg = Debug|Any CPU
		{53091A94-32B8-418A-8236-193894FC6B12}.Debug|iPhone.Build.0 = Debug|Any CPU
		{53091A94-32B8-418A-8236-193894FC6B12}.Debug|iPhoneSimulator.ActiveCfg = Debug|Any CPU
		{53091A94-32B8-418A-8236-193894FC6B12}.Debug|iPhoneSimulator.Build.0 = Debug|Any CPU
		{53091A94-32B8-418A-8236-193894FC6B12}.Debug|x64.ActiveCfg = Debug|Any CPU
		{53091A94-32B8-418A-8236-193894FC6B12}.Debug|x64.Build.0 = Debug|Any CPU
		{53091A94-32B8-418A-8236-193894FC6B12}.Debug|x86.ActiveCfg = Debug|Any CPU
		{53091A94-32B8-418A-8236-193894FC6B12}.Debug|x86.Build.0 = Debug|Any CPU
		{53091A94-32B8-418A-8236-193894FC6B12}.Release|Any CPU.ActiveCfg = Release|Any CPU
		{53091A94-32B8-418A-8236-193894FC6B12}.Release|Any CPU.Build.0 = Release|Any CPU
		{53091A94-32B8-418A-8236-193894FC6B12}.Release|ARM.ActiveCfg = Release|Any CPU
		{53091A94-32B8-418A-8236-193894FC6B12}.Release|ARM.Build.0 = Release|Any CPU
		{53091A94-32B8-418A-8236-193894FC6B12}.Release|iPhone.ActiveCfg = Release|Any CPU
		{53091A94-32B8-418A-8236-193894FC6B12}.Release|iPhone.Build.0 = Release|Any CPU
		{53091A94-32B8-418A-8236-193894FC6B12}.Release|iPhoneSimulator.ActiveCfg = Release|Any CPU
		{53091A94-32B8-418A-8236-193894FC6B12}.Release|iPhoneSimulator.Build.0 = Release|Any CPU
		{53091A94-32B8-418A-8236-193894FC6B12}.Release|x64.ActiveCfg = Release|Any CPU
		{53091A94-32B8-418A-8236-193894FC6B12}.Release|x64.Build.0 = Release|Any CPU
		{53091A94-32B8-418A-8236-193894FC6B12}.Release|x86.ActiveCfg = Release|Any CPU
		{53091A94-32B8-418A-8236-193894FC6B12}.Release|x86.Build.0 = Release|Any CPU
		{826EBD6F-6C1F-4F27-B173-B420C3387AE0}.Debug|Any CPU.ActiveCfg = Debug|x86
		{826EBD6F-6C1F-4F27-B173-B420C3387AE0}.Debug|Any CPU.Build.0 = Debug|x86
		{826EBD6F-6C1F-4F27-B173-B420C3387AE0}.Debug|Any CPU.Deploy.0 = Debug|x86
		{826EBD6F-6C1F-4F27-B173-B420C3387AE0}.Debug|ARM.ActiveCfg = Debug|ARM
		{826EBD6F-6C1F-4F27-B173-B420C3387AE0}.Debug|ARM.Build.0 = Debug|ARM
		{826EBD6F-6C1F-4F27-B173-B420C3387AE0}.Debug|ARM.Deploy.0 = Debug|ARM
		{826EBD6F-6C1F-4F27-B173-B420C3387AE0}.Debug|iPhone.ActiveCfg = Debug|x86
		{826EBD6F-6C1F-4F27-B173-B420C3387AE0}.Debug|iPhoneSimulator.ActiveCfg = Debug|x86
		{826EBD6F-6C1F-4F27-B173-B420C3387AE0}.Debug|x64.ActiveCfg = Debug|x64
		{826EBD6F-6C1F-4F27-B173-B420C3387AE0}.Debug|x64.Build.0 = Debug|x64
		{826EBD6F-6C1F-4F27-B173-B420C3387AE0}.Debug|x64.Deploy.0 = Debug|x64
		{826EBD6F-6C1F-4F27-B173-B420C3387AE0}.Debug|x86.ActiveCfg = Debug|x86
		{826EBD6F-6C1F-4F27-B173-B420C3387AE0}.Debug|x86.Build.0 = Debug|x86
		{826EBD6F-6C1F-4F27-B173-B420C3387AE0}.Debug|x86.Deploy.0 = Debug|x86
		{826EBD6F-6C1F-4F27-B173-B420C3387AE0}.Release|Any CPU.ActiveCfg = Release|x86
		{826EBD6F-6C1F-4F27-B173-B420C3387AE0}.Release|ARM.ActiveCfg = Release|ARM
		{826EBD6F-6C1F-4F27-B173-B420C3387AE0}.Release|ARM.Build.0 = Release|ARM
		{826EBD6F-6C1F-4F27-B173-B420C3387AE0}.Release|ARM.Deploy.0 = Release|ARM
		{826EBD6F-6C1F-4F27-B173-B420C3387AE0}.Release|iPhone.ActiveCfg = Release|x86
		{826EBD6F-6C1F-4F27-B173-B420C3387AE0}.Release|iPhoneSimulator.ActiveCfg = Release|x86
		{826EBD6F-6C1F-4F27-B173-B420C3387AE0}.Release|x64.ActiveCfg = Release|x64
		{826EBD6F-6C1F-4F27-B173-B420C3387AE0}.Release|x64.Build.0 = Release|x64
		{826EBD6F-6C1F-4F27-B173-B420C3387AE0}.Release|x64.Deploy.0 = Release|x64
		{826EBD6F-6C1F-4F27-B173-B420C3387AE0}.Release|x86.ActiveCfg = Release|x86
		{826EBD6F-6C1F-4F27-B173-B420C3387AE0}.Release|x86.Build.0 = Release|x86
		{826EBD6F-6C1F-4F27-B173-B420C3387AE0}.Release|x86.Deploy.0 = Release|x86
		{AE4D5B98-C74A-450A-A981-EC6AC2D87995}.Debug|Any CPU.ActiveCfg = Debug|Any CPU
		{AE4D5B98-C74A-450A-A981-EC6AC2D87995}.Debug|Any CPU.Build.0 = Debug|Any CPU
		{AE4D5B98-C74A-450A-A981-EC6AC2D87995}.Debug|Any CPU.Deploy.0 = Debug|Any CPU
		{AE4D5B98-C74A-450A-A981-EC6AC2D87995}.Debug|ARM.ActiveCfg = Debug|Any CPU
		{AE4D5B98-C74A-450A-A981-EC6AC2D87995}.Debug|ARM.Build.0 = Debug|Any CPU
		{AE4D5B98-C74A-450A-A981-EC6AC2D87995}.Debug|ARM.Deploy.0 = Debug|Any CPU
		{AE4D5B98-C74A-450A-A981-EC6AC2D87995}.Debug|iPhone.ActiveCfg = Debug|Any CPU
		{AE4D5B98-C74A-450A-A981-EC6AC2D87995}.Debug|iPhone.Build.0 = Debug|Any CPU
		{AE4D5B98-C74A-450A-A981-EC6AC2D87995}.Debug|iPhone.Deploy.0 = Debug|Any CPU
		{AE4D5B98-C74A-450A-A981-EC6AC2D87995}.Debug|iPhoneSimulator.ActiveCfg = Debug|Any CPU
		{AE4D5B98-C74A-450A-A981-EC6AC2D87995}.Debug|iPhoneSimulator.Build.0 = Debug|Any CPU
		{AE4D5B98-C74A-450A-A981-EC6AC2D87995}.Debug|iPhoneSimulator.Deploy.0 = Debug|Any CPU
		{AE4D5B98-C74A-450A-A981-EC6AC2D87995}.Debug|x64.ActiveCfg = Debug|Any CPU
		{AE4D5B98-C74A-450A-A981-EC6AC2D87995}.Debug|x64.Build.0 = Debug|Any CPU
		{AE4D5B98-C74A-450A-A981-EC6AC2D87995}.Debug|x64.Deploy.0 = Debug|Any CPU
		{AE4D5B98-C74A-450A-A981-EC6AC2D87995}.Debug|x86.ActiveCfg = Debug|Any CPU
		{AE4D5B98-C74A-450A-A981-EC6AC2D87995}.Debug|x86.Build.0 = Debug|Any CPU
		{AE4D5B98-C74A-450A-A981-EC6AC2D87995}.Debug|x86.Deploy.0 = Debug|Any CPU
		{AE4D5B98-C74A-450A-A981-EC6AC2D87995}.Release|Any CPU.ActiveCfg = Release|Any CPU
		{AE4D5B98-C74A-450A-A981-EC6AC2D87995}.Release|Any CPU.Build.0 = Release|Any CPU
		{AE4D5B98-C74A-450A-A981-EC6AC2D87995}.Release|Any CPU.Deploy.0 = Release|Any CPU
		{AE4D5B98-C74A-450A-A981-EC6AC2D87995}.Release|ARM.ActiveCfg = Release|Any CPU
		{AE4D5B98-C74A-450A-A981-EC6AC2D87995}.Release|ARM.Build.0 = Release|Any CPU
		{AE4D5B98-C74A-450A-A981-EC6AC2D87995}.Release|ARM.Deploy.0 = Release|Any CPU
		{AE4D5B98-C74A-450A-A981-EC6AC2D87995}.Release|iPhone.ActiveCfg = Release|Any CPU
		{AE4D5B98-C74A-450A-A981-EC6AC2D87995}.Release|iPhone.Build.0 = Release|Any CPU
		{AE4D5B98-C74A-450A-A981-EC6AC2D87995}.Release|iPhone.Deploy.0 = Release|Any CPU
		{AE4D5B98-C74A-450A-A981-EC6AC2D87995}.Release|iPhoneSimulator.ActiveCfg = Release|Any CPU
		{AE4D5B98-C74A-450A-A981-EC6AC2D87995}.Release|iPhoneSimulator.Build.0 = Release|Any CPU
		{AE4D5B98-C74A-450A-A981-EC6AC2D87995}.Release|iPhoneSimulator.Deploy.0 = Release|Any CPU
		{AE4D5B98-C74A-450A-A981-EC6AC2D87995}.Release|x64.ActiveCfg = Release|Any CPU
		{AE4D5B98-C74A-450A-A981-EC6AC2D87995}.Release|x64.Build.0 = Release|Any CPU
		{AE4D5B98-C74A-450A-A981-EC6AC2D87995}.Release|x64.Deploy.0 = Release|Any CPU
		{AE4D5B98-C74A-450A-A981-EC6AC2D87995}.Release|x86.ActiveCfg = Release|Any CPU
		{AE4D5B98-C74A-450A-A981-EC6AC2D87995}.Release|x86.Build.0 = Release|Any CPU
		{AE4D5B98-C74A-450A-A981-EC6AC2D87995}.Release|x86.Deploy.0 = Release|Any CPU
		{38D18373-7BC7-427B-844B-8A97C9467B2A}.Debug|Any CPU.ActiveCfg = Debug|iPhoneSimulator
		{38D18373-7BC7-427B-844B-8A97C9467B2A}.Debug|Any CPU.Build.0 = Debug|iPhoneSimulator
		{38D18373-7BC7-427B-844B-8A97C9467B2A}.Debug|ARM.ActiveCfg = Debug|iPhoneSimulator
		{38D18373-7BC7-427B-844B-8A97C9467B2A}.Debug|iPhone.ActiveCfg = Debug|iPhone
		{38D18373-7BC7-427B-844B-8A97C9467B2A}.Debug|iPhone.Build.0 = Debug|iPhone
		{38D18373-7BC7-427B-844B-8A97C9467B2A}.Debug|iPhoneSimulator.ActiveCfg = Debug|iPhoneSimulator
		{38D18373-7BC7-427B-844B-8A97C9467B2A}.Debug|iPhoneSimulator.Build.0 = Debug|iPhoneSimulator
		{38D18373-7BC7-427B-844B-8A97C9467B2A}.Debug|x64.ActiveCfg = Debug|iPhoneSimulator
		{38D18373-7BC7-427B-844B-8A97C9467B2A}.Debug|x86.ActiveCfg = Debug|iPhoneSimulator
		{38D18373-7BC7-427B-844B-8A97C9467B2A}.Release|Any CPU.ActiveCfg = Release|iPhoneSimulator
		{38D18373-7BC7-427B-844B-8A97C9467B2A}.Release|ARM.ActiveCfg = Release|iPhoneSimulator
		{38D18373-7BC7-427B-844B-8A97C9467B2A}.Release|iPhone.ActiveCfg = Release|iPhone
		{38D18373-7BC7-427B-844B-8A97C9467B2A}.Release|iPhone.Build.0 = Release|iPhone
		{38D18373-7BC7-427B-844B-8A97C9467B2A}.Release|iPhoneSimulator.ActiveCfg = Release|iPhoneSimulator
		{38D18373-7BC7-427B-844B-8A97C9467B2A}.Release|iPhoneSimulator.Build.0 = Release|iPhoneSimulator
		{38D18373-7BC7-427B-844B-8A97C9467B2A}.Release|x64.ActiveCfg = Release|iPhoneSimulator
		{38D18373-7BC7-427B-844B-8A97C9467B2A}.Release|x86.ActiveCfg = Release|iPhoneSimulator
		{446BE4AF-9811-4F1C-BC89-C12B80FB73A9}.Debug|Any CPU.ActiveCfg = Debug|Any CPU
		{446BE4AF-9811-4F1C-BC89-C12B80FB73A9}.Debug|Any CPU.Build.0 = Debug|Any CPU
		{446BE4AF-9811-4F1C-BC89-C12B80FB73A9}.Debug|ARM.ActiveCfg = Debug|Any CPU
		{446BE4AF-9811-4F1C-BC89-C12B80FB73A9}.Debug|ARM.Build.0 = Debug|Any CPU
		{446BE4AF-9811-4F1C-BC89-C12B80FB73A9}.Debug|iPhone.ActiveCfg = Debug|Any CPU
		{446BE4AF-9811-4F1C-BC89-C12B80FB73A9}.Debug|iPhone.Build.0 = Debug|Any CPU
		{446BE4AF-9811-4F1C-BC89-C12B80FB73A9}.Debug|iPhoneSimulator.ActiveCfg = Debug|Any CPU
		{446BE4AF-9811-4F1C-BC89-C12B80FB73A9}.Debug|iPhoneSimulator.Build.0 = Debug|Any CPU
		{446BE4AF-9811-4F1C-BC89-C12B80FB73A9}.Debug|x64.ActiveCfg = Debug|Any CPU
		{446BE4AF-9811-4F1C-BC89-C12B80FB73A9}.Debug|x64.Build.0 = Debug|Any CPU
		{446BE4AF-9811-4F1C-BC89-C12B80FB73A9}.Debug|x86.ActiveCfg = Debug|Any CPU
		{446BE4AF-9811-4F1C-BC89-C12B80FB73A9}.Debug|x86.Build.0 = Debug|Any CPU
		{446BE4AF-9811-4F1C-BC89-C12B80FB73A9}.Release|Any CPU.ActiveCfg = Release|Any CPU
		{446BE4AF-9811-4F1C-BC89-C12B80FB73A9}.Release|Any CPU.Build.0 = Release|Any CPU
		{446BE4AF-9811-4F1C-BC89-C12B80FB73A9}.Release|ARM.ActiveCfg = Release|Any CPU
		{446BE4AF-9811-4F1C-BC89-C12B80FB73A9}.Release|ARM.Build.0 = Release|Any CPU
		{446BE4AF-9811-4F1C-BC89-C12B80FB73A9}.Release|iPhone.ActiveCfg = Release|Any CPU
		{446BE4AF-9811-4F1C-BC89-C12B80FB73A9}.Release|iPhone.Build.0 = Release|Any CPU
		{446BE4AF-9811-4F1C-BC89-C12B80FB73A9}.Release|iPhoneSimulator.ActiveCfg = Release|Any CPU
		{446BE4AF-9811-4F1C-BC89-C12B80FB73A9}.Release|iPhoneSimulator.Build.0 = Release|Any CPU
		{446BE4AF-9811-4F1C-BC89-C12B80FB73A9}.Release|x64.ActiveCfg = Release|Any CPU
		{446BE4AF-9811-4F1C-BC89-C12B80FB73A9}.Release|x64.Build.0 = Release|Any CPU
		{446BE4AF-9811-4F1C-BC89-C12B80FB73A9}.Release|x86.ActiveCfg = Release|Any CPU
		{446BE4AF-9811-4F1C-BC89-C12B80FB73A9}.Release|x86.Build.0 = Release|Any CPU
	EndGlobalSection
	GlobalSection(SolutionProperties) = preSolution
		HideSolutionNode = FALSE
	EndGlobalSection
	GlobalSection(ExtensibilityGlobals) = postSolution
		SolutionGuid = {A24E5A82-C6EA-47BE-A334-E21D68EF2389}
	EndGlobalSection
EndGlobal
